
Microsoft Visual Studio Solution File, Format Version 12.00
# Visual Studio Version 17
VisualStudioVersion = 17.0.32126.317
MinimumVisualStudioVersion = 10.0.40219.1
Project("{FAE04EC0-301F-11D3-BF4B-00C04F79EFBC}") = "FileManager.Host", "FileManagerSample\FileManager.Host.csproj", "{A26BFF0C-86A1-4B99-9BB9-A8363A2C85DB}"
EndProject
Project("{FAE04EC0-301F-11D3-BF4B-00C04F79EFBC}") = "FileManager.Services", "FileManager.Model\FileManager.Services.csproj", "{030860A4-E1F3-4E2C-9C0D-9B6F17345A14}"
EndProject
Project("{FAE04EC0-301F-11D3-BF4B-00C04F79EFBC}") = "FileManager.Core", "FileManager.Interfaces\FileManager.Core.csproj", "{C7E4D32A-A086-4D42-BD0D-F8AEAD542591}"
EndProject
Project("{FAE04EC0-301F-11D3-BF4B-00C04F79EFBC}") = "FileManager.Controllers", "FileManager.Controllers\FileManager.Controllers.csproj", "{73425A86-7D06-46C5-B6B2-CE3B54161D3C}"
EndProject
Global
	GlobalSection(SolutionConfigurationPlatforms) = preSolution
		Debug|Any CPU = Debug|Any CPU
		Release|Any CPU = Release|Any CPU
	EndGlobalSection
	GlobalSection(ProjectConfigurationPlatforms) = postSolution
		{A26BFF0C-86A1-4B99-9BB9-A8363A2C85DB}.Debug|Any CPU.ActiveCfg = Debug|Any CPU
		{A26BFF0C-86A1-4B99-9BB9-A8363A2C85DB}.Debug|Any CPU.Build.0 = Debug|Any CPU
		{A26BFF0C-86A1-4B99-9BB9-A8363A2C85DB}.Release|Any CPU.ActiveCfg = Release|Any CPU
		{A26BFF0C-86A1-4B99-9BB9-A8363A2C85DB}.Release|Any CPU.Build.0 = Release|Any CPU
		{030860A4-E1F3-4E2C-9C0D-9B6F17345A14}.Debug|Any CPU.ActiveCfg = Debug|Any CPU
		{030860A4-E1F3-4E2C-9C0D-9B6F17345A14}.Debug|Any CPU.Build.0 = Debug|Any CPU
		{030860A4-E1F3-4E2C-9C0D-9B6F17345A14}.Release|Any CPU.ActiveCfg = Release|Any CPU
		{030860A4-E1F3-4E2C-9C0D-9B6F17345A14}.Release|Any CPU.Build.0 = Release|Any CPU
		{C7E4D32A-A086-4D42-BD0D-F8AEAD542591}.Debug|Any CPU.ActiveCfg = Debug|Any CPU
		{C7E4D32A-A086-4D42-BD0D-F8AEAD542591}.Debug|Any CPU.Build.0 = Debug|Any CPU
		{C7E4D32A-A086-4D42-BD0D-F8AEAD542591}.Release|Any CPU.ActiveCfg = Release|Any CPU
		{C7E4D32A-A086-4D42-BD0D-F8AEAD542591}.Release|Any CPU.Build.0 = Release|Any CPU
		{73425A86-7D06-46C5-B6B2-CE3B54161D3C}.Debug|Any CPU.ActiveCfg = Debug|Any CPU
		{73425A86-7D06-46C5-B6B2-CE3B54161D3C}.Debug|Any CPU.Build.0 = Debug|Any CPU
		{73425A86-7D06-46C5-B6B2-CE3B54161D3C}.Release|Any CPU.ActiveCfg = Release|Any CPU
		{73425A86-7D06-46C5-B6B2-CE3B54161D3C}.Release|Any CPU.Build.0 = Release|Any CPU
	EndGlobalSection
	GlobalSection(SolutionProperties) = preSolution
		HideSolutionNode = FALSE
	EndGlobalSection
	GlobalSection(ExtensibilityGlobals) = postSolution
		SolutionGuid = {85190E56-F025-4EFF-ACC2-258185E04F02}
	EndGlobalSection
EndGlobal
